// !$*UTF8*$!
{
	archiveVersion = 1;
	classes = {
	};
	objectVersion = 48;
	objects = {

/* Begin PBXBuildFile section */
		DCEA56C2224FDEAF0039DAA5 /* AppDelegate.swift in Sources */ = {isa = PBXBuildFile; fileRef = DCEA56C1224FDEAF0039DAA5 /* AppDelegate.swift */; };
		DCEA56C7224FDEAF0039DAA5 /* Main.storyboard in Resources */ = {isa = PBXBuildFile; fileRef = DCEA56C5224FDEAF0039DAA5 /* Main.storyboard */; };
		DCEA56CA224FDEAF0039DAA5 /* ourWork.xcdatamodeld in Sources */ = {isa = PBXBuildFile; fileRef = DCEA56C8224FDEAF0039DAA5 /* ourWork.xcdatamodeld */; };
		DCEA56CC224FDEAF0039DAA5 /* Assets.xcassets in Resources */ = {isa = PBXBuildFile; fileRef = DCEA56CB224FDEAF0039DAA5 /* Assets.xcassets */; };
		DCEA56CF224FDEAF0039DAA5 /* LaunchScreen.storyboard in Resources */ = {isa = PBXBuildFile; fileRef = DCEA56CD224FDEAF0039DAA5 /* LaunchScreen.storyboard */; };
		DCEA56DA224FDEAF0039DAA5 /* ourWorkTests.swift in Sources */ = {isa = PBXBuildFile; fileRef = DCEA56D9224FDEAF0039DAA5 /* ourWorkTests.swift */; };
		DCEA56E5224FDEAF0039DAA5 /* ourWorkUITests.swift in Sources */ = {isa = PBXBuildFile; fileRef = DCEA56E4224FDEAF0039DAA5 /* ourWorkUITests.swift */; };
		DCEA56F3224FE5880039DAA5 /* tabWrokListViewContoller.swift in Sources */ = {isa = PBXBuildFile; fileRef = DCEA56F2224FE5880039DAA5 /* tabWrokListViewContoller.swift */; };
		DCEA56F5224FE5DC0039DAA5 /* tabPeopleViewController.swift in Sources */ = {isa = PBXBuildFile; fileRef = DCEA56F4224FE5DC0039DAA5 /* tabPeopleViewController.swift */; };
/* End PBXBuildFile section */

/* Begin PBXContainerItemProxy section */
		DCEA56D6224FDEAF0039DAA5 /* PBXContainerItemProxy */ = {
			isa = PBXContainerItemProxy;
			containerPortal = DCEA56B6224FDEAF0039DAA5 /* Project object */;
			proxyType = 1;
			remoteGlobalIDString = DCEA56BD224FDEAF0039DAA5;
			remoteInfo = ourWork;
		};
		DCEA56E1224FDEAF0039DAA5 /* PBXContainerItemProxy */ = {
			isa = PBXContainerItemProxy;
			containerPortal = DCEA56B6224FDEAF0039DAA5 /* Project object */;
			proxyType = 1;
			remoteGlobalIDString = DCEA56BD224FDEAF0039DAA5;
			remoteInfo = ourWork;
		};
/* End PBXContainerItemProxy section */

/* Begin PBXFileReference section */
		DCEA56BE224FDEAF0039DAA5 /* ourWork.app */ = {isa = PBXFileReference; explicitFileType = wrapper.application; includeInIndex = 0; path = ourWork.app; sourceTree = BUILT_PRODUCTS_DIR; };
		DCEA56C1224FDEAF0039DAA5 /* AppDelegate.swift */ = {isa = PBXFileReference; lastKnownFileType = sourcecode.swift; path = AppDelegate.swift; sourceTree = "<group>"; };
		DCEA56C6224FDEAF0039DAA5 /* Base */ = {isa = PBXFileReference; lastKnownFileType = file.storyboard; name = Base; path = Base.lproj/Main.storyboard; sourceTree = "<group>"; };
		DCEA56C9224FDEAF0039DAA5 /* ourWork.xcdatamodel */ = {isa = PBXFileReference; lastKnownFileType = wrapper.xcdatamodel; path = ourWork.xcdatamodel; sourceTree = "<group>"; };
		DCEA56CB224FDEAF0039DAA5 /* Assets.xcassets */ = {isa = PBXFileReference; lastKnownFileType = folder.assetcatalog; path = Assets.xcassets; sourceTree = "<group>"; };
		DCEA56CE224FDEAF0039DAA5 /* Base */ = {isa = PBXFileReference; lastKnownFileType = file.storyboard; name = Base; path = Base.lproj/LaunchScreen.storyboard; sourceTree = "<group>"; };
		DCEA56D0224FDEAF0039DAA5 /* Info.plist */ = {isa = PBXFileReference; lastKnownFileType = text.plist.xml; path = Info.plist; sourceTree = "<group>"; };
		DCEA56D5224FDEAF0039DAA5 /* ourWorkTests.xctest */ = {isa = PBXFileReference; explicitFileType = wrapper.cfbundle; includeInIndex = 0; path = ourWorkTests.xctest; sourceTree = BUILT_PRODUCTS_DIR; };
		DCEA56D9224FDEAF0039DAA5 /* ourWorkTests.swift */ = {isa = PBXFileReference; lastKnownFileType = sourcecode.swift; path = ourWorkTests.swift; sourceTree = "<group>"; };
		DCEA56DB224FDEAF0039DAA5 /* Info.plist */ = {isa = PBXFileReference; lastKnownFileType = text.plist.xml; path = Info.plist; sourceTree = "<group>"; };
		DCEA56E0224FDEAF0039DAA5 /* ourWorkUITests.xctest */ = {isa = PBXFileReference; explicitFileType = wrapper.cfbundle; includeInIndex = 0; path = ourWorkUITests.xctest; sourceTree = BUILT_PRODUCTS_DIR; };
		DCEA56E4224FDEAF0039DAA5 /* ourWorkUITests.swift */ = {isa = PBXFileReference; lastKnownFileType = sourcecode.swift; path = ourWorkUITests.swift; sourceTree = "<group>"; };
		DCEA56E6224FDEAF0039DAA5 /* Info.plist */ = {isa = PBXFileReference; lastKnownFileType = text.plist.xml; path = Info.plist; sourceTree = "<group>"; };
		DCEA56F2224FE5880039DAA5 /* tabWrokListViewContoller.swift */ = {isa = PBXFileReference; lastKnownFileType = sourcecode.swift; path = tabWrokListViewContoller.swift; sourceTree = "<group>"; };
		DCEA56F4224FE5DC0039DAA5 /* tabPeopleViewController.swift */ = {isa = PBXFileReference; lastKnownFileType = sourcecode.swift; path = tabPeopleViewController.swift; sourceTree = "<group>"; };
/* End PBXFileReference section */

/* Begin PBXFrameworksBuildPhase section */
		DCEA56BB224FDEAF0039DAA5 /* Frameworks */ = {
			isa = PBXFrameworksBuildPhase;
			buildActionMask = 2147483647;
			files = (
			);
			runOnlyForDeploymentPostprocessing = 0;
		};
		DCEA56D2224FDEAF0039DAA5 /* Frameworks */ = {
			isa = PBXFrameworksBuildPhase;
			buildActionMask = 2147483647;
			files = (
			);
			runOnlyForDeploymentPostprocessing = 0;
		};
		DCEA56DD224FDEAF0039DAA5 /* Frameworks */ = {
			isa = PBXFrameworksBuildPhase;
			buildActionMask = 2147483647;
			files = (
			);
			runOnlyForDeploymentPostprocessing = 0;
		};
/* End PBXFrameworksBuildPhase section */

/* Begin PBXGroup section */
		DCEA56B5224FDEAF0039DAA5 = {
			isa = PBXGroup;
			children = (
				DCEA56C0224FDEAF0039DAA5 /* ourWork */,
				DCEA56D8224FDEAF0039DAA5 /* ourWorkTests */,
				DCEA56E3224FDEAF0039DAA5 /* ourWorkUITests */,
				DCEA56BF224FDEAF0039DAA5 /* Products */,
			);
			sourceTree = "<group>";
		};
		DCEA56BF224FDEAF0039DAA5 /* Products */ = {
			isa = PBXGroup;
			children = (
				DCEA56BE224FDEAF0039DAA5 /* ourWork.app */,
				DCEA56D5224FDEAF0039DAA5 /* ourWorkTests.xctest */,
				DCEA56E0224FDEAF0039DAA5 /* ourWorkUITests.xctest */,
			);
			name = Products;
			sourceTree = "<group>";
		};
		DCEA56C0224FDEAF0039DAA5 /* ourWork */ = {
			isa = PBXGroup;
			children = (
				DCEA56C1224FDEAF0039DAA5 /* AppDelegate.swift */,
				DCEA56C5224FDEAF0039DAA5 /* Main.storyboard */,
				DCEA56CB224FDEAF0039DAA5 /* Assets.xcassets */,
				DCEA56CD224FDEAF0039DAA5 /* LaunchScreen.storyboard */,
				DCEA56D0224FDEAF0039DAA5 /* Info.plist */,
				DCEA56C8224FDEAF0039DAA5 /* ourWork.xcdatamodeld */,
				DCEA56F2224FE5880039DAA5 /* tabWrokListViewContoller.swift */,
				DCEA56F4224FE5DC0039DAA5 /* tabPeopleViewController.swift */,
			);
			path = ourWork;
			sourceTree = "<group>";
		};
		DCEA56D8224FDEAF0039DAA5 /* ourWorkTests */ = {
			isa = PBXGroup;
			children = (
				DCEA56D9224FDEAF0039DAA5 /* ourWorkTests.swift */,
				DCEA56DB224FDEAF0039DAA5 /* Info.plist */,
			);
			path = ourWorkTests;
			sourceTree = "<group>";
		};
		DCEA56E3224FDEAF0039DAA5 /* ourWorkUITests */ = {
			isa = PBXGroup;
			children = (
				DCEA56E4224FDEAF0039DAA5 /* ourWorkUITests.swift */,
				DCEA56E6224FDEAF0039DAA5 /* Info.plist */,
			);
			path = ourWorkUITests;
			sourceTree = "<group>";
		};
/* End PBXGroup section */

/* Begin PBXNativeTarget section */
		DCEA56BD224FDEAF0039DAA5 /* ourWork */ = {
			isa = PBXNativeTarget;
			buildConfigurationList = DCEA56E9224FDEAF0039DAA5 /* Build configuration list for PBXNativeTarget "ourWork" */;
			buildPhases = (
				DCEA56BA224FDEAF0039DAA5 /* Sources */,
				DCEA56BB224FDEAF0039DAA5 /* Frameworks */,
				DCEA56BC224FDEAF0039DAA5 /* Resources */,
			);
			buildRules = (
			);
			dependencies = (
			);
			name = ourWork;
			productName = ourWork;
			productReference = DCEA56BE224FDEAF0039DAA5 /* ourWork.app */;
			productType = "com.apple.product-type.application";
		};
		DCEA56D4224FDEAF0039DAA5 /* ourWorkTests */ = {
			isa = PBXNativeTarget;
			buildConfigurationList = DCEA56EC224FDEAF0039DAA5 /* Build configuration list for PBXNativeTarget "ourWorkTests" */;
			buildPhases = (
				DCEA56D1224FDEAF0039DAA5 /* Sources */,
				DCEA56D2224FDEAF0039DAA5 /* Frameworks */,
				DCEA56D3224FDEAF0039DAA5 /* Resources */,
			);
			buildRules = (
			);
			dependencies = (
				DCEA56D7224FDEAF0039DAA5 /* PBXTargetDependency */,
			);
			name = ourWorkTests;
			productName = ourWorkTests;
			productReference = DCEA56D5224FDEAF0039DAA5 /* ourWorkTests.xctest */;
			productType = "com.apple.product-type.bundle.unit-test";
		};
		DCEA56DF224FDEAF0039DAA5 /* ourWorkUITests */ = {
			isa = PBXNativeTarget;
			buildConfigurationList = DCEA56EF224FDEAF0039DAA5 /* Build configuration list for PBXNativeTarget "ourWorkUITests" */;
			buildPhases = (
				DCEA56DC224FDEAF0039DAA5 /* Sources */,
				DCEA56DD224FDEAF0039DAA5 /* Frameworks */,
				DCEA56DE224FDEAF0039DAA5 /* Resources */,
			);
			buildRules = (
			);
			dependencies = (
				DCEA56E2224FDEAF0039DAA5 /* PBXTargetDependency */,
			);
			name = ourWorkUITests;
			productName = ourWorkUITests;
			productReference = DCEA56E0224FDEAF0039DAA5 /* ourWorkUITests.xctest */;
			productType = "com.apple.product-type.bundle.ui-testing";
		};
/* End PBXNativeTarget section */

/* Begin PBXProject section */
		DCEA56B6224FDEAF0039DAA5 /* Project object */ = {
			isa = PBXProject;
			attributes = {
				LastSwiftUpdateCheck = 0920;
				LastUpgradeCheck = 0920;
				ORGANIZATIONNAME = midasgo;
				TargetAttributes = {
					DCEA56BD224FDEAF0039DAA5 = {
						CreatedOnToolsVersion = 9.2;
						ProvisioningStyle = Automatic;
					};
					DCEA56D4224FDEAF0039DAA5 = {
						CreatedOnToolsVersion = 9.2;
						ProvisioningStyle = Automatic;
						TestTargetID = DCEA56BD224FDEAF0039DAA5;
					};
					DCEA56DF224FDEAF0039DAA5 = {
						CreatedOnToolsVersion = 9.2;
						ProvisioningStyle = Automatic;
						TestTargetID = DCEA56BD224FDEAF0039DAA5;
					};
				};
			};
			buildConfigurationList = DCEA56B9224FDEAF0039DAA5 /* Build configuration list for PBXProject "ourWork" */;
			compatibilityVersion = "Xcode 8.0";
			developmentRegion = en;
			hasScannedForEncodings = 0;
			knownRegions = (
				en,
				Base,
			);
			mainGroup = DCEA56B5224FDEAF0039DAA5;
			productRefGroup = DCEA56BF224FDEAF0039DAA5 /* Products */;
			projectDirPath = "";
			projectRoot = "";
			targets = (
				DCEA56BD224FDEAF0039DAA5 /* ourWork */,
				DCEA56D4224FDEAF0039DAA5 /* ourWorkTests */,
				DCEA56DF224FDEAF0039DAA5 /* ourWorkUITests */,
			);
		};
/* End PBXProject section */

/* Begin PBXResourcesBuildPhase section */
		DCEA56BC224FDEAF0039DAA5 /* Resources */ = {
			isa = PBXResourcesBuildPhase;
			buildActionMask = 2147483647;
			files = (
				DCEA56CF224FDEAF0039DAA5 /* LaunchScreen.storyboard in Resources */,
				DCEA56CC224FDEAF0039DAA5 /* Assets.xcassets in Resources */,
				DCEA56C7224FDEAF0039DAA5 /* Main.storyboard in Resources */,
			);
			runOnlyForDeploymentPostprocessing = 0;
		};
		DCEA56D3224FDEAF0039DAA5 /* Resources */ = {
			isa = PBXResourcesBuildPhase;
			buildActionMask = 2147483647;
			files = (
			);
			runOnlyForDeploymentPostprocessing = 0;
		};
		DCEA56DE224FDEAF0039DAA5 /* Resources */ = {
			isa = PBXResourcesBuildPhase;
			buildActionMask = 2147483647;
			files = (
			);
			runOnlyForDeploymentPostprocessing = 0;
		};
/* End PBXResourcesBuildPhase section */

/* Begin PBXSourcesBuildPhase section */
		DCEA56BA224FDEAF0039DAA5 /* Sources */ = {
			isa = PBXSourcesBuildPhase;
			buildActionMask = 2147483647;
			files = (
				DCEA56CA224FDEAF0039DAA5 /* ourWork.xcdatamodeld in Sources */,
				DCEA56F3224FE5880039DAA5 /* tabWrokListViewContoller.swift in Sources */,
				DCEA56C2224FDEAF0039DAA5 /* AppDelegate.swift in Sources */,
				DCEA56F5224FE5DC0039DAA5 /* tabPeopleViewController.swift in Sources */,
			);
			runOnlyForDeploymentPostprocessing = 0;
		};
		DCEA56D1224FDEAF0039DAA5 /* Sources */ = {
			isa = PBXSourcesBuildPhase;
			buildActionMask = 2147483647;
			files = (
				DCEA56DA224FDEAF0039DAA5 /* ourWorkTests.swift in Sources */,
			);
			runOnlyForDeploymentPostprocessing = 0;
		};
		DCEA56DC224FDEAF0039DAA5 /* Sources */ = {
			isa = PBXSourcesBuildPhase;
			buildActionMask = 2147483647;
			files = (
				DCEA56E5224FDEAF0039DAA5 /* ourWorkUITests.swift in Sources */,
			);
			runOnlyForDeploymentPostprocessing = 0;
		};
/* End PBXSourcesBuildPhase section */

/* Begin PBXTargetDependency section */
		DCEA56D7224FDEAF0039DAA5 /* PBXTargetDependency */ = {
			isa = PBXTargetDependency;
			target = DCEA56BD224FDEAF0039DAA5 /* ourWork */;
			targetProxy = DCEA56D6224FDEAF0039DAA5 /* PBXContainerItemProxy */;
		};
		DCEA56E2224FDEAF0039DAA5 /* PBXTargetDependency */ = {
			isa = PBXTargetDependency;
			target = DCEA56BD224FDEAF0039DAA5 /* ourWork */;
			targetProxy = DCEA56E1224FDEAF0039DAA5 /* PBXContainerItemProxy */;
		};
/* End PBXTargetDependency section */

/* Begin PBXVariantGroup section */
		DCEA56C5224FDEAF0039DAA5 /* Main.storyboard */ = {
			isa = PBXVariantGroup;
			children = (
				DCEA56C6224FDEAF0039DAA5 /* Base */,
			);
			name = Main.storyboard;
			sourceTree = "<group>";
		};
		DCEA56CD224FDEAF0039DAA5 /* LaunchScreen.storyboard */ = {
			isa = PBXVariantGroup;
			children = (
				DCEA56CE224FDEAF0039DAA5 /* Base */,
			);
			name = LaunchScreen.storyboard;
			sourceTree = "<group>";
		};
/* End PBXVariantGroup section */

/* Begin XCBuildConfiguration section */
		DCEA56E7224FDEAF0039DAA5 /* Debug */ = {
			isa = XCBuildConfiguration;
			buildSettings = {
				ALWAYS_SEARCH_USER_PATHS = NO;
				CLANG_ANALYZER_NONNULL = YES;
				CLANG_ANALYZER_NUMBER_OBJECT_CONVERSION = YES_AGGRESSIVE;
				CLANG_CXX_LANGUAGE_STANDARD = "gnu++14";
				CLANG_CXX_LIBRARY = "libc++";
				CLANG_ENABLE_MODULES = YES;
				CLANG_ENABLE_OBJC_ARC = YES;
				CLANG_WARN_BLOCK_CAPTURE_AUTORELEASING = YES;
				CLANG_WARN_BOOL_CONVERSION = YES;
				CLANG_WARN_COMMA = YES;
				CLANG_WARN_CONSTANT_CONVERSION = YES;
				CLANG_WARN_DIRECT_OBJC_ISA_USAGE = YES_ERROR;
				CLANG_WARN_DOCUMENTATION_COMMENTS = YES;
				CLANG_WARN_EMPTY_BODY = YES;
				CLANG_WARN_ENUM_CONVERSION = YES;
				CLANG_WARN_INFINITE_RECURSION = YES;
				CLANG_WARN_INT_CONVERSION = YES;
				CLANG_WARN_NON_LITERAL_NULL_CONVERSION = YES;
				CLANG_WARN_OBJC_LITERAL_CONVERSION = YES;
				CLANG_WARN_OBJC_ROOT_CLASS = YES_ERROR;
				CLANG_WARN_RANGE_LOOP_ANALYSIS = YES;
				CLANG_WARN_STRICT_PROTOTYPES = YES;
				CLANG_WARN_SUSPICIOUS_MOVE = YES;
				CLANG_WARN_UNGUARDED_AVAILABILITY = YES_AGGRESSIVE;
				CLANG_WARN_UNREACHABLE_CODE = YES;
				CLANG_WARN__DUPLICATE_METHOD_MATCH = YES;
				CODE_SIGN_IDENTITY = "iPhone Developer";
				COPY_PHASE_STRIP = NO;
				DEBUG_INFORMATION_FORMAT = dwarf;
				ENABLE_STRICT_OBJC_MSGSEND = YES;
				ENABLE_TESTABILITY = YES;
				GCC_C_LANGUAGE_STANDARD = gnu11;
				GCC_DYNAMIC_NO_PIC = NO;
				GCC_NO_COMMON_BLOCKS = YES;
				GCC_OPTIMIZATION_LEVEL = 0;
				GCC_PREPROCESSOR_DEFINITIONS = (
					"DEBUG=1",
					"$(inherited)",
				);
				GCC_WARN_64_TO_32_BIT_CONVERSION = YES;
				GCC_WARN_ABOUT_RETURN_TYPE = YES_ERROR;
				GCC_WARN_UNDECLARED_SELECTOR = YES;
				GCC_WARN_UNINITIALIZED_AUTOS = YES_AGGRESSIVE;
				GCC_WARN_UNUSED_FUNCTION = YES;
				GCC_WARN_UNUSED_VARIABLE = YES;
				IPHONEOS_DEPLOYMENT_TARGET = 11.2;
				MTL_ENABLE_DEBUG_INFO = YES;
				ONLY_ACTIVE_ARCH = YES;
				SDKROOT = iphoneos;
				SWIFT_ACTIVE_COMPILATION_CONDITIONS = DEBUG;
				SWIFT_OPTIMIZATION_LEVEL = "-Onone";
			};
			name = Debug;
		};
		DCEA56E8224FDEAF0039DAA5 /* Release */ = {
			isa = XCBuildConfiguration;
			buildSettings = {
				ALWAYS_SEARCH_USER_PATHS = NO;
				CLANG_ANALYZER_NONNULL = YES;
				CLANG_ANALYZER_NUMBER_OBJECT_CONVERSION = YES_AGGRESSIVE;
				CLANG_CXX_LANGUAGE_STANDARD = "gnu++14";
				CLANG_CXX_LIBRARY = "libc++";
				CLANG_ENABLE_MODULES = YES;
				CLANG_ENABLE_OBJC_ARC = YES;
				CLANG_WARN_BLOCK_CAPTURE_AUTORELEASING = YES;
				CLANG_WARN_BOOL_CONVERSION = YES;
				CLANG_WARN_COMMA = YES;
				CLANG_WARN_CONSTANT_CONVERSION = YES;
				CLANG_WARN_DIRECT_OBJC_ISA_USAGE = YES_ERROR;
				CLANG_WARN_DOCUMENTATION_COMMENTS = YES;
				CLANG_WARN_EMPTY_BODY = YES;
				CLANG_WARN_ENUM_CONVERSION = YES;
				CLANG_WARN_INFINITE_RECURSION = YES;
				CLANG_WARN_INT_CONVERSION = YES;
				CLANG_WARN_NON_LITERAL_NULL_CONVERSION = YES;
				CLANG_WARN_OBJC_LITERAL_CONVERSION = YES;
				CLANG_WARN_OBJC_ROOT_CLASS = YES_ERROR;
				CLANG_WARN_RANGE_LOOP_ANALYSIS = YES;
				CLANG_WARN_STRICT_PROTOTYPES = YES;
				CLANG_WARN_SUSPICIOUS_MOVE = YES;
				CLANG_WARN_UNGUARDED_AVAILABILITY = YES_AGGRESSIVE;
				CLANG_WARN_UNREACHABLE_CODE = YES;
				CLANG_WARN__DUPLICATE_METHOD_MATCH = YES;
				CODE_SIGN_IDENTITY = "iPhone Developer";
				COPY_PHASE_STRIP = NO;
				DEBUG_INFORMATION_FORMAT = "dwarf-with-dsym";
				ENABLE_NS_ASSERTIONS = NO;
				ENABLE_STRICT_OBJC_MSGSEND = YES;
				GCC_C_LANGUAGE_STANDARD = gnu11;
				GCC_NO_COMMON_BLOCKS = YES;
				GCC_WARN_64_TO_32_BIT_CONVERSION = YES;
				GCC_WARN_ABOUT_RETURN_TYPE = YES_ERROR;
				GCC_WARN_UNDECLARED_SELECTOR = YES;
				GCC_WARN_UNINITIALIZED_AUTOS = YES_AGGRESSIVE;
				GCC_WARN_UNUSED_FUNCTION = YES;
				GCC_WARN_UNUSED_VARIABLE = YES;
				IPHONEOS_DEPLOYMENT_TARGET = 11.2;
				MTL_ENABLE_DEBUG_INFO = NO;
				SDKROOT = iphoneos;
				SWIFT_OPTIMIZATION_LEVEL = "-Owholemodule";
				VALIDATE_PRODUCT = YES;
			};
			name = Release;
		};
		DCEA56EA224FDEAF0039DAA5 /* Debug */ = {
			isa = XCBuildConfiguration;
			buildSettings = {
				ASSETCATALOG_COMPILER_APPICON_NAME = AppIcon;
				"CODE_SIGN_IDENTITY[sdk=iphoneos*]" = "iPhone Developer";
				CODE_SIGN_STYLE = Automatic;
				DEVELOPMENT_TEAM = 85S53JZ66L;
				INFOPLIST_FILE = ourWork/Info.plist;
				LD_RUNPATH_SEARCH_PATHS = "$(inherited) @executable_path/Frameworks";
				PRODUCT_BUNDLE_IDENTIFIER = com.midasgo.ourwork.ourWork;
				PRODUCT_NAME = "$(TARGET_NAME)";
				PROVISIONING_PROFILE_SPECIFIER = "";
				SWIFT_VERSION = 4.0;
				TARGETED_DEVICE_FAMILY = 2;
			};
			name = Debug;
		};
		DCEA56EB224FDEAF0039DAA5 /* Release */ = {
			isa = XCBuildConfiguration;
			buildSettings = {
				ASSETCATALOG_COMPILER_APPICON_NAME = AppIcon;
				"CODE_SIGN_IDENTITY[sdk=iphoneos*]" = "iPhone Developer";
				CODE_SIGN_STYLE = Automatic;
				DEVELOPMENT_TEAM = 85S53JZ66L;
				INFOPLIST_FILE = ourWork/Info.plist;
				LD_RUNPATH_SEARCH_PATHS = "$(inherited) @executable_path/Frameworks";
				PRODUCT_BUNDLE_IDENTIFIER = com.midasgo.ourwork.ourWork;
				PRODUCT_NAME = "$(TARGET_NAME)";
				PROVISIONING_PROFILE_SPECIFIER = "";
				SWIFT_VERSION = 4.0;
				TARGETED_DEVICE_FAMILY = 2;
			};
			name = Release;
		};
		DCEA56ED224FDEAF0039DAA5 /* Debug */ = {
			isa = XCBuildConfiguration;
			buildSettings = {
				ALWAYS_EMBED_SWIFT_STANDARD_LIBRARIES = YES;
				BUNDLE_LOADER = "$(TEST_HOST)";
				CODE_SIGN_STYLE = Automatic;
				DEVELOPMENT_TEAM = 85S53JZ66L;
				INFOPLIST_FILE = ourWorkTests/Info.plist;
				LD_RUNPATH_SEARCH_PATHS = "$(inherited) @executable_path/Frameworks @loader_path/Frameworks";
				PRODUCT_BUNDLE_IDENTIFIER = com.midasgo.ourwork.ourWorkTests;
				PRODUCT_NAME = "$(TARGET_NAME)";
				SWIFT_VERSION = 4.0;
				TARGETED_DEVICE_FAMILY = "1,2";
				TEST_HOST = "$(BUILT_PRODUCTS_DIR)/ourWork.app/ourWork";
			};
			name = Debug;
		};
		DCEA56EE224FDEAF0039DAA5 /* Release */ = {
			isa = XCBuildConfiguration;
			buildSettings = {
				ALWAYS_EMBED_SWIFT_STANDARD_LIBRARIES = YES;
				BUNDLE_LOADER = "$(TEST_HOST)";
				CODE_SIGN_STYLE = Automatic;
				DEVELOPMENT_TEAM = 85S53JZ66L;
				INFOPLIST_FILE = ourWorkTests/Info.plist;
				LD_RUNPATH_SEARCH_PATHS = "$(inherited) @executable_path/Frameworks @loader_path/Frameworks";
				PRODUCT_BUNDLE_IDENTIFIER = com.midasgo.ourwork.ourWorkTests;
				PRODUCT_NAME = "$(TARGET_NAME)";
				SWIFT_VERSION = 4.0;
				TARGETED_DEVICE_FAMILY = "1,2";
				TEST_HOST = "$(BUILT_PRODUCTS_DIR)/ourWork.app/ourWork";
			};
			name = Release;
		};
		DCEA56F0224FDEAF0039DAA5 /* Debug */ = {
			isa = XCBuildConfiguration;
			buildSettings = {
				ALWAYS_EMBED_SWIFT_STANDARD_LIBRARIES = YES;
				CODE_SIGN_STYLE = Automatic;
				DEVELOPMENT_TEAM = 85S53JZ66L;
				INFOPLIST_FILE = ourWorkUITests/Info.plist;
				LD_RUNPATH_SEARCH_PATHS = "$(inherited) @executable_path/Frameworks @loader_path/Frameworks";
				PRODUCT_BUNDLE_IDENTIFIER = com.midasgo.ourwork.ourWorkUITests;
				PRODUCT_NAME = "$(TARGET_NAME)";
				SWIFT_VERSION = 4.0;
				TARGETED_DEVICE_FAMILY = "1,2";
				TEST_TARGET_NAME = ourWork;
			};
			name = Debug;
		};
		DCEA56F1224FDEAF0039DAA5 /* Release */ = {
			isa = XCBuildConfiguration;
			buildSettings = {
				ALWAYS_EMBED_SWIFT_STANDARD_LIBRARIES = YES;
				CODE_SIGN_STYLE = Automatic;
				DEVELOPMENT_TEAM = 85S53JZ66L;
				INFOPLIST_FILE = ourWorkUITests/Info.plist;
				LD_RUNPATH_SEARCH_PATHS = "$(inherited) @executable_path/Frameworks @loader_path/Frameworks";
				PRODUCT_BUNDLE_IDENTIFIER = com.midasgo.ourwork.ourWorkUITests;
				PRODUCT_NAME = "$(TARGET_NAME)";
				SWIFT_VERSION = 4.0;
				TARGETED_DEVICE_FAMILY = "1,2";
				TEST_TARGET_NAME = ourWork;
			};
			name = Release;
		};
/* End XCBuildConfiguration section */

/* Begin XCConfigurationList section */
		DCEA56B9224FDEAF0039DAA5 /* Build configuration list for PBXProject "ourWork" */ = {
			isa = XCConfigurationList;
			buildConfigurations = (
				DCEA56E7224FDEAF0039DAA5 /* Debug */,
				DCEA56E8224FDEAF0039DAA5 /* Release */,
			);
			defaultConfigurationIsVisible = 0;
			defaultConfigurationName = Release;
		};
		DCEA56E9224FDEAF0039DAA5 /* Build configuration list for PBXNativeTarget "ourWork" */ = {
			isa = XCConfigurationList;
			buildConfigurations = (
				DCEA56EA224FDEAF0039DAA5 /* Debug */,
				DCEA56EB224FDEAF0039DAA5 /* Release */,
			);
			defaultConfigurationIsVisible = 0;
			defaultConfigurationName = Release;
		};
		DCEA56EC224FDEAF0039DAA5 /* Build configuration list for PBXNativeTarget "ourWorkTests" */ = {
			isa = XCConfigurationList;
			buildConfigurations = (
				DCEA56ED224FDEAF0039DAA5 /* Debug */,
				DCEA56EE224FDEAF0039DAA5 /* Release */,
			);
			defaultConfigurationIsVisible = 0;
			defaultConfigurationName = Release;
		};
		DCEA56EF224FDEAF0039DAA5 /* Build configuration list for PBXNativeTarget "ourWorkUITests" */ = {
			isa = XCConfigurationList;
			buildConfigurations = (
				DCEA56F0224FDEAF0039DAA5 /* Debug */,
				DCEA56F1224FDEAF0039DAA5 /* Release */,
			);
			defaultConfigurationIsVisible = 0;
			defaultConfigurationName = Release;
		};
/* End XCConfigurationList section */

/* Begin XCVersionGroup section */
		DCEA56C8224FDEAF0039DAA5 /* ourWork.xcdatamodeld */ = {
			isa = XCVersionGroup;
			children = (
				DCEA56C9224FDEAF0039DAA5 /* ourWork.xcdatamodel */,
			);
			currentVersion = DCEA56C9224FDEAF0039DAA5 /* ourWork.xcdatamodel */;
			path = ourWork.xcdatamodeld;
			sourceTree = "<group>";
			versionGroupType = wrapper.xcdatamodel;
		};
/* End XCVersionGroup section */
	};
	rootObject = DCEA56B6224FDEAF0039DAA5 /* Project object */;
}
